
Microsoft Visual Studio Solution File, Format Version 12.00
# Visual Studio Version 16
VisualStudioVersion = 16.0.30907.101
MinimumVisualStudioVersion = 10.0.40219.1
Project("{FAE04EC0-301F-11D3-BF4B-00C04F79EFBC}") = "prbd-2021-g01", "prbd-2021-g01\prbd-2021-g01.csproj", "{4E4BAA4E-D532-4877-8B0C-B6848185DC1E}"
EndProject
Project("{9A19103F-16F7-4668-BE54-9A1E7A4F7556}") = "PRBD_Framework", "PRBD_Framework\PRBD_Framework.csproj", "{2D06247E-3C2C-4265-A190-DFCE049EFBF3}"
EndProject
Global
	GlobalSection(SolutionConfigurationPlatforms) = preSolution
		Debug|Any CPU = Debug|Any CPU
		Release|Any CPU = Release|Any CPU
	EndGlobalSection
	GlobalSection(ProjectConfigurationPlatforms) = postSolution
		{4E4BAA4E-D532-4877-8B0C-B6848185DC1E}.Debug|Any CPU.ActiveCfg = Debug|Any CPU
		{4E4BAA4E-D532-4877-8B0C-B6848185DC1E}.Debug|Any CPU.Build.0 = Debug|Any CPU
		{4E4BAA4E-D532-4877-8B0C-B6848185DC1E}.Release|Any CPU.ActiveCfg = Release|Any CPU
		{4E4BAA4E-D532-4877-8B0C-B6848185DC1E}.Release|Any CPU.Build.0 = Release|Any CPU
		{2D06247E-3C2C-4265-A190-DFCE049EFBF3}.Debug|Any CPU.ActiveCfg = Debug|Any CPU
		{2D06247E-3C2C-4265-A190-DFCE049EFBF3}.Debug|Any CPU.Build.0 = Debug|Any CPU
		{2D06247E-3C2C-4265-A190-DFCE049EFBF3}.Release|Any CPU.ActiveCfg = Release|Any CPU
		{2D06247E-3C2C-4265-A190-DFCE049EFBF3}.Release|Any CPU.Build.0 = Release|Any CPU
	EndGlobalSection
	GlobalSection(SolutionProperties) = preSolution
		HideSolutionNode = FALSE
	EndGlobalSection
	GlobalSection(ExtensibilityGlobals) = postSolution
		SolutionGuid = {2E0A83BA-529F-4F96-9270-3DA4C2184630}
	EndGlobalSection
EndGlobal
